
Microsoft Visual Studio Solution File, Format Version 12.00
# Visual Studio Version 16
VisualStudioVersion = 16.0.30804.86
MinimumVisualStudioVersion = 10.0.40219.1
Project("{FAE04EC0-301F-11D3-BF4B-00C04F79EFBC}") = "CompetitonMerit_ASP_Core", "CompetitonMerit_ASP_Core\CompetitonMerit_ASP_Core.csproj", "{5E6A774C-CE49-4F3E-A1B3-C6AABE01E541}"
EndProject
Global
	GlobalSection(SolutionConfigurationPlatforms) = preSolution
		Debug|Any CPU = Debug|Any CPU
		Release|Any CPU = Release|Any CPU
	EndGlobalSection
	GlobalSection(ProjectConfigurationPlatforms) = postSolution
		{5E6A774C-CE49-4F3E-A1B3-C6AABE01E541}.Debug|Any CPU.ActiveCfg = Debug|Any CPU
		{5E6A774C-CE49-4F3E-A1B3-C6AABE01E541}.Debug|Any CPU.Build.0 = Debug|Any CPU
		{5E6A774C-CE49-4F3E-A1B3-C6AABE01E541}.Release|Any CPU.ActiveCfg = Release|Any CPU
		{5E6A774C-CE49-4F3E-A1B3-C6AABE01E541}.Release|Any CPU.Build.0 = Release|Any CPU
	EndGlobalSection
	GlobalSection(SolutionProperties) = preSolution
		HideSolutionNode = FALSE
	EndGlobalSection
	GlobalSection(ExtensibilityGlobals) = postSolution
		SolutionGuid = {5EF7DA51-39B5-4BD5-A865-734BFBF80B74}
	EndGlobalSection
EndGlobal
